
Microsoft Visual Studio Solution File, Format Version 12.00
# Visual Studio Version 17
VisualStudioVersion = 17.6.33801.468
MinimumVisualStudioVersion = 10.0.40219.1
Project("{FAE04EC0-301F-11D3-BF4B-00C04F79EFBC}") = "ProjektProgramowanie", "ProjektProgramowanie.csproj", "{B2F18AD1-59AB-4032-AFF9-860F1828CF74}"
EndProject
Global
	GlobalSection(SolutionConfigurationPlatforms) = preSolution
		Debug|Any CPU = Debug|Any CPU
		Release|Any CPU = Release|Any CPU
	EndGlobalSection
	GlobalSection(ProjectConfigurationPlatforms) = postSolution
		{B2F18AD1-59AB-4032-AFF9-860F1828CF74}.Debug|Any CPU.ActiveCfg = Debug|Any CPU
		{B2F18AD1-59AB-4032-AFF9-860F1828CF74}.Debug|Any CPU.Build.0 = Debug|Any CPU
		{B2F18AD1-59AB-4032-AFF9-860F1828CF74}.Release|Any CPU.ActiveCfg = Release|Any CPU
		{B2F18AD1-59AB-4032-AFF9-860F1828CF74}.Release|Any CPU.Build.0 = Release|Any CPU
	EndGlobalSection
	GlobalSection(SolutionProperties) = preSolution
		HideSolutionNode = FALSE
	EndGlobalSection
	GlobalSection(ExtensibilityGlobals) = postSolution
		SolutionGuid = {5CD2DA20-2A1E-4B0E-A510-BBA97EABA9F7}
	EndGlobalSection
EndGlobal
